// !$*UTF8*$!
{
	archiveVersion = 1;
	classes = {
	};
	objectVersion = 54;
	objects = {

/* Begin PBXBuildFile section */
		00E356F31AD99517003FC87E /* mobilefastTests.m in Sources */ = {isa = PBXBuildFile; fileRef = 00E356F21AD99517003FC87E /* mobilefastTests.m */; };
		04509B4C2BA61E850012DCBB /* Fontisto.ttf in Resources */ = {isa = PBXBuildFile; fileRef = 04509B392BA61E850012DCBB /* Fontisto.ttf */; };
		04509B4D2BA61E850012DCBB /* Octicons.ttf in Resources */ = {isa = PBXBuildFile; fileRef = 04509B3A2BA61E850012DCBB /* Octicons.ttf */; };
		04509B4E2BA61E850012DCBB /* Feather.ttf in Resources */ = {isa = PBXBuildFile; fileRef = 04509B3B2BA61E850012DCBB /* Feather.ttf */; };
		04509B4F2BA61E850012DCBB /* FontAwesome6_Regular.ttf in Resources */ = {isa = PBXBuildFile; fileRef = 04509B3C2BA61E850012DCBB /* FontAwesome6_Regular.ttf */; };
		04509B502BA61E850012DCBB /* Entypo.ttf in Resources */ = {isa = PBXBuildFile; fileRef = 04509B3D2BA61E850012DCBB /* Entypo.ttf */; };
		04509B512BA61E850012DCBB /* FontAwesome5_Brands.ttf in Resources */ = {isa = PBXBuildFile; fileRef = 04509B3E2BA61E850012DCBB /* FontAwesome5_Brands.ttf */; };
		04509B522BA61E850012DCBB /* MaterialCommunityIcons.ttf in Resources */ = {isa = PBXBuildFile; fileRef = 04509B3F2BA61E850012DCBB /* MaterialCommunityIcons.ttf */; };
		04509B532BA61E850012DCBB /* AntDesign.ttf in Resources */ = {isa = PBXBuildFile; fileRef = 04509B402BA61E850012DCBB /* AntDesign.ttf */; };
		04509B542BA61E850012DCBB /* Foundation.ttf in Resources */ = {isa = PBXBuildFile; fileRef = 04509B412BA61E850012DCBB /* Foundation.ttf */; };
		04509B552BA61E850012DCBB /* Ionicons.ttf in Resources */ = {isa = PBXBuildFile; fileRef = 04509B422BA61E850012DCBB /* Ionicons.ttf */; };
		04509B562BA61E850012DCBB /* FontAwesome5_Solid.ttf in Resources */ = {isa = PBXBuildFile; fileRef = 04509B432BA61E850012DCBB /* FontAwesome5_Solid.ttf */; };
		04509B572BA61E850012DCBB /* FontAwesome5_Regular.ttf in Resources */ = {isa = PBXBuildFile; fileRef = 04509B442BA61E850012DCBB /* FontAwesome5_Regular.ttf */; };
		04509B582BA61E850012DCBB /* FontAwesome.ttf in Resources */ = {isa = PBXBuildFile; fileRef = 04509B452BA61E850012DCBB /* FontAwesome.ttf */; };
		04509B592BA61E850012DCBB /* Zocial.ttf in Resources */ = {isa = PBXBuildFile; fileRef = 04509B462BA61E850012DCBB /* Zocial.ttf */; };
		04509B5A2BA61E850012DCBB /* EvilIcons.ttf in Resources */ = {isa = PBXBuildFile; fileRef = 04509B472BA61E850012DCBB /* EvilIcons.ttf */; };
		04509B5B2BA61E850012DCBB /* FontAwesome6_Solid.ttf in Resources */ = {isa = PBXBuildFile; fileRef = 04509B482BA61E850012DCBB /* FontAwesome6_Solid.ttf */; };
		04509B5C2BA61E850012DCBB /* SimpleLineIcons.ttf in Resources */ = {isa = PBXBuildFile; fileRef = 04509B492BA61E850012DCBB /* SimpleLineIcons.ttf */; };
		04509B5D2BA61E850012DCBB /* FontAwesome6_Brands.ttf in Resources */ = {isa = PBXBuildFile; fileRef = 04509B4A2BA61E850012DCBB /* FontAwesome6_Brands.ttf */; };
		04509B5E2BA61E850012DCBB /* MaterialIcons.ttf in Resources */ = {isa = PBXBuildFile; fileRef = 04509B4B2BA61E850012DCBB /* MaterialIcons.ttf */; };
		0459C2982BAB5D1200868734 /* StoreKit.framework in Frameworks */ = {isa = PBXBuildFile; fileRef = 0459C2972BAB5D1200868734 /* StoreKit.framework */; };
		0494DE2D2BB0B878006EA87D /* Configuration.storekit in Resources */ = {isa = PBXBuildFile; fileRef = 0494DE2C2BB0B878006EA87D /* Configuration.storekit */; };
		0494DE2F2BB0B96B006EA87D /* StoreKitTestCertificate.cer in Resources */ = {isa = PBXBuildFile; fileRef = 0494DE2E2BB0B96B006EA87D /* StoreKitTestCertificate.cer */; };
		0494DE372BB379C8006EA87D /* NotificationService.swift in Sources */ = {isa = PBXBuildFile; fileRef = 0494DE362BB379C8006EA87D /* NotificationService.swift */; };
		0494DE3B2BB379C8006EA87D /* OneSignalNotificationServiceExtension.appex in Embed Foundation Extensions */ = {isa = PBXBuildFile; fileRef = 0494DE342BB379C8006EA87D /* OneSignalNotificationServiceExtension.appex */; settings = {ATTRIBUTES = (RemoveHeadersOnCopy, ); }; };
		112B286EFA834C12A44A4ECB /* BricolageGrotesque-Medium.ttf in Resources */ = {isa = PBXBuildFile; fileRef = C51AF00E4EB0459F8758C99B /* BricolageGrotesque-Medium.ttf */; };
		13B07FBC1A68108700A75B9A /* AppDelegate.mm in Sources */ = {isa = PBXBuildFile; fileRef = 13B07FB01A68108700A75B9A /* AppDelegate.mm */; };
		13B07FBF1A68108700A75B9A /* Images.xcassets in Resources */ = {isa = PBXBuildFile; fileRef = 13B07FB51A68108700A75B9A /* Images.xcassets */; };
		13B07FC11A68108700A75B9A /* main.m in Sources */ = {isa = PBXBuildFile; fileRef = 13B07FB71A68108700A75B9A /* main.m */; };
		44A2BC1ABEBB47FD87EDA067 /* SpaceGrotesk-Regular.ttf in Resources */ = {isa = PBXBuildFile; fileRef = C0D89F9F6A794BD3BD78A7EA /* SpaceGrotesk-Regular.ttf */; };
		474A14C5671F7F47708F5E77 /* libPods-mobilefast.a in Frameworks */ = {isa = PBXBuildFile; fileRef = 947E79E5561E9437DDD915A0 /* libPods-mobilefast.a */; };
		66BE16A969AB4A9587462F3C /* SpaceGrotesk-Light.ttf in Resources */ = {isa = PBXBuildFile; fileRef = F47870B821B74B4AA3AC7F97 /* SpaceGrotesk-Light.ttf */; };
		774C7E82D4AB40AC84845525 /* BricolageGrotesque-SemiBold.ttf in Resources */ = {isa = PBXBuildFile; fileRef = 377B1EF0E48F47D1A1045C53 /* BricolageGrotesque-SemiBold.ttf */; };
		81AB9BB82411601600AC10FF /* LaunchScreen.storyboard in Resources */ = {isa = PBXBuildFile; fileRef = 81AB9BB72411601600AC10FF /* LaunchScreen.storyboard */; };
		8B98AD37DF634096A503A0FF /* SpaceGrotesk-Bold.ttf in Resources */ = {isa = PBXBuildFile; fileRef = 4BF833D655384593AB667902 /* SpaceGrotesk-Bold.ttf */; };
		8E48CC49B8994D8CA101FA5E /* BricolageGrotesque-Bold.ttf in Resources */ = {isa = PBXBuildFile; fileRef = 73EF8E0512C6471C828F1AAE /* BricolageGrotesque-Bold.ttf */; };
		971A91B22CFB8995C840895A /* libPods-OneSignalNotificationServiceExtension.a in Frameworks */ = {isa = PBXBuildFile; fileRef = CE5924BEBF5D5750CF508A25 /* libPods-OneSignalNotificationServiceExtension.a */; };
		B47B8210D33B4408BF31ADD5 /* BricolageGrotesque-Light.ttf in Resources */ = {isa = PBXBuildFile; fileRef = C41C77AB2FA546898ADE14DF /* BricolageGrotesque-Light.ttf */; };
		C08F01957BE94E37B7E6CCE8 /* BricolageGrotesque-ExtraLight.ttf in Resources */ = {isa = PBXBuildFile; fileRef = 00CF37E5593B4E5FBF35C44D /* BricolageGrotesque-ExtraLight.ttf */; };
		C40AE97CD243401B8972410E /* SpaceGrotesk-SemiBold.ttf in Resources */ = {isa = PBXBuildFile; fileRef = 6D28B06E3043499BAF9F8DFB /* SpaceGrotesk-SemiBold.ttf */; };
		C46D4A0C9C2F4C3F968D8200 /* SpaceGrotesk-Medium.ttf in Resources */ = {isa = PBXBuildFile; fileRef = BCC61DBB27DE4634B5172427 /* SpaceGrotesk-Medium.ttf */; };
		D57604966EBD484F85E48EAD /* BricolageGrotesque-ExtraBold.ttf in Resources */ = {isa = PBXBuildFile; fileRef = 4D5002BA2D6641A98C9B0A5C /* BricolageGrotesque-ExtraBold.ttf */; };
		EA8343CB772F4D1B8C1F9E85 /* BricolageGrotesque-Regular.ttf in Resources */ = {isa = PBXBuildFile; fileRef = AAFED1A73DF84DCEB2D10B80 /* BricolageGrotesque-Regular.ttf */; };
		FB583FFC9292F33B686ECD97 /* libPods-mobilefast-mobilefastTests.a in Frameworks */ = {isa = PBXBuildFile; fileRef = F042E6B78DD273FC1300B03E /* libPods-mobilefast-mobilefastTests.a */; };
/* End PBXBuildFile section */

/* Begin PBXContainerItemProxy section */
		00E356F41AD99517003FC87E /* PBXContainerItemProxy */ = {
			isa = PBXContainerItemProxy;
			containerPortal = 83CBB9F71A601CBA00E9B192 /* Project object */;
			proxyType = 1;
			remoteGlobalIDString = 13B07F861A680F5B00A75B9A;
			remoteInfo = mobilefast;
		};
		0494DE392BB379C8006EA87D /* PBXContainerItemProxy */ = {
			isa = PBXContainerItemProxy;
			containerPortal = 83CBB9F71A601CBA00E9B192 /* Project object */;
			proxyType = 1;
			remoteGlobalIDString = 0494DE332BB379C8006EA87D;
			remoteInfo = OneSignalNotificationServiceExtension;
		};
/* End PBXContainerItemProxy section */

/* Begin PBXCopyFilesBuildPhase section */
		0494DE3F2BB379C8006EA87D /* Embed Foundation Extensions */ = {
			isa = PBXCopyFilesBuildPhase;
			buildActionMask = 2147483647;
			dstPath = "";
			dstSubfolderSpec = 13;
			files = (
				0494DE3B2BB379C8006EA87D /* OneSignalNotificationServiceExtension.appex in Embed Foundation Extensions */,
			);
			name = "Embed Foundation Extensions";
			runOnlyForDeploymentPostprocessing = 0;
		};
/* End PBXCopyFilesBuildPhase section */

/* Begin PBXFileReference section */
		00CF37E5593B4E5FBF35C44D /* BricolageGrotesque-ExtraLight.ttf */ = {isa = PBXFileReference; explicitFileType = undefined; fileEncoding = 9; includeInIndex = 0; lastKnownFileType = unknown; name = "BricolageGrotesque-ExtraLight.ttf"; path = "../assets/fonts/BricolageGrotesque-ExtraLight.ttf"; sourceTree = "<group>"; };
		00E356EE1AD99517003FC87E /* mobilefastTests.xctest */ = {isa = PBXFileReference; explicitFileType = wrapper.cfbundle; includeInIndex = 0; path = mobilefastTests.xctest; sourceTree = BUILT_PRODUCTS_DIR; };
		00E356F11AD99517003FC87E /* Info.plist */ = {isa = PBXFileReference; lastKnownFileType = text.plist.xml; path = Info.plist; sourceTree = "<group>"; };
		00E356F21AD99517003FC87E /* mobilefastTests.m */ = {isa = PBXFileReference; lastKnownFileType = sourcecode.c.objc; path = mobilefastTests.m; sourceTree = "<group>"; };
		04509B392BA61E850012DCBB /* Fontisto.ttf */ = {isa = PBXFileReference; lastKnownFileType = file; path = Fontisto.ttf; sourceTree = "<group>"; };
		04509B3A2BA61E850012DCBB /* Octicons.ttf */ = {isa = PBXFileReference; lastKnownFileType = file; path = Octicons.ttf; sourceTree = "<group>"; };
		04509B3B2BA61E850012DCBB /* Feather.ttf */ = {isa = PBXFileReference; lastKnownFileType = file; path = Feather.ttf; sourceTree = "<group>"; };
		04509B3C2BA61E850012DCBB /* FontAwesome6_Regular.ttf */ = {isa = PBXFileReference; lastKnownFileType = file; path = FontAwesome6_Regular.ttf; sourceTree = "<group>"; };
		04509B3D2BA61E850012DCBB /* Entypo.ttf */ = {isa = PBXFileReference; lastKnownFileType = file; path = Entypo.ttf; sourceTree = "<group>"; };
		04509B3E2BA61E850012DCBB /* FontAwesome5_Brands.ttf */ = {isa = PBXFileReference; lastKnownFileType = file; path = FontAwesome5_Brands.ttf; sourceTree = "<group>"; };
		04509B3F2BA61E850012DCBB /* MaterialCommunityIcons.ttf */ = {isa = PBXFileReference; lastKnownFileType = file; path = MaterialCommunityIcons.ttf; sourceTree = "<group>"; };
		04509B402BA61E850012DCBB /* AntDesign.ttf */ = {isa = PBXFileReference; lastKnownFileType = file; path = AntDesign.ttf; sourceTree = "<group>"; };
		04509B412BA61E850012DCBB /* Foundation.ttf */ = {isa = PBXFileReference; lastKnownFileType = file; path = Foundation.ttf; sourceTree = "<group>"; };
		04509B422BA61E850012DCBB /* Ionicons.ttf */ = {isa = PBXFileReference; lastKnownFileType = file; path = Ionicons.ttf; sourceTree = "<group>"; };
		04509B432BA61E850012DCBB /* FontAwesome5_Solid.ttf */ = {isa = PBXFileReference; lastKnownFileType = file; path = FontAwesome5_Solid.ttf; sourceTree = "<group>"; };
		04509B442BA61E850012DCBB /* FontAwesome5_Regular.ttf */ = {isa = PBXFileReference; lastKnownFileType = file; path = FontAwesome5_Regular.ttf; sourceTree = "<group>"; };
		04509B452BA61E850012DCBB /* FontAwesome.ttf */ = {isa = PBXFileReference; lastKnownFileType = file; path = FontAwesome.ttf; sourceTree = "<group>"; };
		04509B462BA61E850012DCBB /* Zocial.ttf */ = {isa = PBXFileReference; lastKnownFileType = file; path = Zocial.ttf; sourceTree = "<group>"; };
		04509B472BA61E850012DCBB /* EvilIcons.ttf */ = {isa = PBXFileReference; lastKnownFileType = file; path = EvilIcons.ttf; sourceTree = "<group>"; };
		04509B482BA61E850012DCBB /* FontAwesome6_Solid.ttf */ = {isa = PBXFileReference; lastKnownFileType = file; path = FontAwesome6_Solid.ttf; sourceTree = "<group>"; };
		04509B492BA61E850012DCBB /* SimpleLineIcons.ttf */ = {isa = PBXFileReference; lastKnownFileType = file; path = SimpleLineIcons.ttf; sourceTree = "<group>"; };
		04509B4A2BA61E850012DCBB /* FontAwesome6_Brands.ttf */ = {isa = PBXFileReference; lastKnownFileType = file; path = FontAwesome6_Brands.ttf; sourceTree = "<group>"; };
		04509B4B2BA61E850012DCBB /* MaterialIcons.ttf */ = {isa = PBXFileReference; lastKnownFileType = file; path = MaterialIcons.ttf; sourceTree = "<group>"; };
		0459C2972BAB5D1200868734 /* StoreKit.framework */ = {isa = PBXFileReference; lastKnownFileType = wrapper.framework; name = StoreKit.framework; path = System/Library/Frameworks/StoreKit.framework; sourceTree = SDKROOT; };
		0494DE2C2BB0B878006EA87D /* Configuration.storekit */ = {isa = PBXFileReference; lastKnownFileType = text; path = Configuration.storekit; sourceTree = "<group>"; };
		0494DE2E2BB0B96B006EA87D /* StoreKitTestCertificate.cer */ = {isa = PBXFileReference; lastKnownFileType = file; path = StoreKitTestCertificate.cer; sourceTree = "<group>"; };
		0494DE342BB379C8006EA87D /* OneSignalNotificationServiceExtension.appex */ = {isa = PBXFileReference; explicitFileType = "wrapper.app-extension"; includeInIndex = 0; path = OneSignalNotificationServiceExtension.appex; sourceTree = BUILT_PRODUCTS_DIR; };
		0494DE362BB379C8006EA87D /* NotificationService.swift */ = {isa = PBXFileReference; lastKnownFileType = sourcecode.swift; path = NotificationService.swift; sourceTree = "<group>"; };
		0494DE382BB379C8006EA87D /* Info.plist */ = {isa = PBXFileReference; lastKnownFileType = text.plist.xml; path = Info.plist; sourceTree = "<group>"; };
		0494DE402BB37A29006EA87D /* OneSignalNotificationServiceExtension.entitlements */ = {isa = PBXFileReference; lastKnownFileType = text.plist.entitlements; path = OneSignalNotificationServiceExtension.entitlements; sourceTree = "<group>"; };
		0494DE412BB37A36006EA87D /* mobilefast.entitlements */ = {isa = PBXFileReference; lastKnownFileType = text.plist.entitlements; name = mobilefast.entitlements; path = mobilefast/mobilefast.entitlements; sourceTree = "<group>"; };
		0C1DFE77614CA3D42B312A7C /* Pods-mobilefast.debug.xcconfig */ = {isa = PBXFileReference; includeInIndex = 1; lastKnownFileType = text.xcconfig; name = "Pods-mobilefast.debug.xcconfig"; path = "Target Support Files/Pods-mobilefast/Pods-mobilefast.debug.xcconfig"; sourceTree = "<group>"; };
		13B07F961A680F5B00A75B9A /* mobilefast.app */ = {isa = PBXFileReference; explicitFileType = wrapper.application; includeInIndex = 0; path = mobilefast.app; sourceTree = BUILT_PRODUCTS_DIR; };
		13B07FAF1A68108700A75B9A /* AppDelegate.h */ = {isa = PBXFileReference; fileEncoding = 4; lastKnownFileType = sourcecode.c.h; name = AppDelegate.h; path = mobilefast/AppDelegate.h; sourceTree = "<group>"; };
		13B07FB01A68108700A75B9A /* AppDelegate.mm */ = {isa = PBXFileReference; fileEncoding = 4; lastKnownFileType = sourcecode.cpp.objcpp; name = AppDelegate.mm; path = mobilefast/AppDelegate.mm; sourceTree = "<group>"; };
		13B07FB51A68108700A75B9A /* Images.xcassets */ = {isa = PBXFileReference; lastKnownFileType = folder.assetcatalog; name = Images.xcassets; path = mobilefast/Images.xcassets; sourceTree = "<group>"; };
		13B07FB61A68108700A75B9A /* Info.plist */ = {isa = PBXFileReference; fileEncoding = 4; lastKnownFileType = text.plist.xml; name = Info.plist; path = mobilefast/Info.plist; sourceTree = "<group>"; };
		13B07FB71A68108700A75B9A /* main.m */ = {isa = PBXFileReference; fileEncoding = 4; lastKnownFileType = sourcecode.c.objc; name = main.m; path = mobilefast/main.m; sourceTree = "<group>"; };
		377B1EF0E48F47D1A1045C53 /* BricolageGrotesque-SemiBold.ttf */ = {isa = PBXFileReference; explicitFileType = undefined; fileEncoding = 9; includeInIndex = 0; lastKnownFileType = unknown; name = "BricolageGrotesque-SemiBold.ttf"; path = "../assets/fonts/BricolageGrotesque-SemiBold.ttf"; sourceTree = "<group>"; };
		4BF833D655384593AB667902 /* SpaceGrotesk-Bold.ttf */ = {isa = PBXFileReference; explicitFileType = undefined; fileEncoding = 9; includeInIndex = 0; lastKnownFileType = unknown; name = "SpaceGrotesk-Bold.ttf"; path = "../assets/fonts/SpaceGrotesk-Bold.ttf"; sourceTree = "<group>"; };
		4D5002BA2D6641A98C9B0A5C /* BricolageGrotesque-ExtraBold.ttf */ = {isa = PBXFileReference; explicitFileType = undefined; fileEncoding = 9; includeInIndex = 0; lastKnownFileType = unknown; name = "BricolageGrotesque-ExtraBold.ttf"; path = "../assets/fonts/BricolageGrotesque-ExtraBold.ttf"; sourceTree = "<group>"; };
		6D28B06E3043499BAF9F8DFB /* SpaceGrotesk-SemiBold.ttf */ = {isa = PBXFileReference; explicitFileType = undefined; fileEncoding = 9; includeInIndex = 0; lastKnownFileType = unknown; name = "SpaceGrotesk-SemiBold.ttf"; path = "../assets/fonts/SpaceGrotesk-SemiBold.ttf"; sourceTree = "<group>"; };
		6D3D5633A9CD2FC4A9DB88D6 /* Pods-OneSignalNotificationServiceExtension.release.xcconfig */ = {isa = PBXFileReference; includeInIndex = 1; lastKnownFileType = text.xcconfig; name = "Pods-OneSignalNotificationServiceExtension.release.xcconfig"; path = "Target Support Files/Pods-OneSignalNotificationServiceExtension/Pods-OneSignalNotificationServiceExtension.release.xcconfig"; sourceTree = "<group>"; };
		73EF8E0512C6471C828F1AAE /* BricolageGrotesque-Bold.ttf */ = {isa = PBXFileReference; explicitFileType = undefined; fileEncoding = 9; includeInIndex = 0; lastKnownFileType = unknown; name = "BricolageGrotesque-Bold.ttf"; path = "../assets/fonts/BricolageGrotesque-Bold.ttf"; sourceTree = "<group>"; };
		81AB9BB72411601600AC10FF /* LaunchScreen.storyboard */ = {isa = PBXFileReference; fileEncoding = 4; lastKnownFileType = file.storyboard; name = LaunchScreen.storyboard; path = mobilefast/LaunchScreen.storyboard; sourceTree = "<group>"; };
		915A50084024664FDDD3C6B8 /* Pods-mobilefast-mobilefastTests.release.xcconfig */ = {isa = PBXFileReference; includeInIndex = 1; lastKnownFileType = text.xcconfig; name = "Pods-mobilefast-mobilefastTests.release.xcconfig"; path = "Target Support Files/Pods-mobilefast-mobilefastTests/Pods-mobilefast-mobilefastTests.release.xcconfig"; sourceTree = "<group>"; };
		947E79E5561E9437DDD915A0 /* libPods-mobilefast.a */ = {isa = PBXFileReference; explicitFileType = archive.ar; includeInIndex = 0; path = "libPods-mobilefast.a"; sourceTree = BUILT_PRODUCTS_DIR; };
		AAFED1A73DF84DCEB2D10B80 /* BricolageGrotesque-Regular.ttf */ = {isa = PBXFileReference; explicitFileType = undefined; fileEncoding = 9; includeInIndex = 0; lastKnownFileType = unknown; name = "BricolageGrotesque-Regular.ttf"; path = "../assets/fonts/BricolageGrotesque-Regular.ttf"; sourceTree = "<group>"; };
		AE517E34EBC0DEAD35EE395E /* Pods-mobilefast-mobilefastTests.debug.xcconfig */ = {isa = PBXFileReference; includeInIndex = 1; lastKnownFileType = text.xcconfig; name = "Pods-mobilefast-mobilefastTests.debug.xcconfig"; path = "Target Support Files/Pods-mobilefast-mobilefastTests/Pods-mobilefast-mobilefastTests.debug.xcconfig"; sourceTree = "<group>"; };
		AFABA267C4EA46946BC1674F /* Pods-OneSignalNotificationServiceExtension.debug.xcconfig */ = {isa = PBXFileReference; includeInIndex = 1; lastKnownFileType = text.xcconfig; name = "Pods-OneSignalNotificationServiceExtension.debug.xcconfig"; path = "Target Support Files/Pods-OneSignalNotificationServiceExtension/Pods-OneSignalNotificationServiceExtension.debug.xcconfig"; sourceTree = "<group>"; };
		BCC61DBB27DE4634B5172427 /* SpaceGrotesk-Medium.ttf */ = {isa = PBXFileReference; explicitFileType = undefined; fileEncoding = 9; includeInIndex = 0; lastKnownFileType = unknown; name = "SpaceGrotesk-Medium.ttf"; path = "../assets/fonts/SpaceGrotesk-Medium.ttf"; sourceTree = "<group>"; };
		BCD47DD462370B2E7EB4B50F /* Pods-mobilefast.release.xcconfig */ = {isa = PBXFileReference; includeInIndex = 1; lastKnownFileType = text.xcconfig; name = "Pods-mobilefast.release.xcconfig"; path = "Target Support Files/Pods-mobilefast/Pods-mobilefast.release.xcconfig"; sourceTree = "<group>"; };
		C0D89F9F6A794BD3BD78A7EA /* SpaceGrotesk-Regular.ttf */ = {isa = PBXFileReference; explicitFileType = undefined; fileEncoding = 9; includeInIndex = 0; lastKnownFileType = unknown; name = "SpaceGrotesk-Regular.ttf"; path = "../assets/fonts/SpaceGrotesk-Regular.ttf"; sourceTree = "<group>"; };
		C41C77AB2FA546898ADE14DF /* BricolageGrotesque-Light.ttf */ = {isa = PBXFileReference; explicitFileType = undefined; fileEncoding = 9; includeInIndex = 0; lastKnownFileType = unknown; name = "BricolageGrotesque-Light.ttf"; path = "../assets/fonts/BricolageGrotesque-Light.ttf"; sourceTree = "<group>"; };
		C51AF00E4EB0459F8758C99B /* BricolageGrotesque-Medium.ttf */ = {isa = PBXFileReference; explicitFileType = undefined; fileEncoding = 9; includeInIndex = 0; lastKnownFileType = unknown; name = "BricolageGrotesque-Medium.ttf"; path = "../assets/fonts/BricolageGrotesque-Medium.ttf"; sourceTree = "<group>"; };
		CE5924BEBF5D5750CF508A25 /* libPods-OneSignalNotificationServiceExtension.a */ = {isa = PBXFileReference; explicitFileType = archive.ar; includeInIndex = 0; path = "libPods-OneSignalNotificationServiceExtension.a"; sourceTree = BUILT_PRODUCTS_DIR; };
		ED297162215061F000B7C4FE /* JavaScriptCore.framework */ = {isa = PBXFileReference; lastKnownFileType = wrapper.framework; name = JavaScriptCore.framework; path = System/Library/Frameworks/JavaScriptCore.framework; sourceTree = SDKROOT; };
		F042E6B78DD273FC1300B03E /* libPods-mobilefast-mobilefastTests.a */ = {isa = PBXFileReference; explicitFileType = archive.ar; includeInIndex = 0; path = "libPods-mobilefast-mobilefastTests.a"; sourceTree = BUILT_PRODUCTS_DIR; };
		F47870B821B74B4AA3AC7F97 /* SpaceGrotesk-Light.ttf */ = {isa = PBXFileReference; explicitFileType = undefined; fileEncoding = 9; includeInIndex = 0; lastKnownFileType = unknown; name = "SpaceGrotesk-Light.ttf"; path = "../assets/fonts/SpaceGrotesk-Light.ttf"; sourceTree = "<group>"; };
/* End PBXFileReference section */

/* Begin PBXFrameworksBuildPhase section */
		00E356EB1AD99517003FC87E /* Frameworks */ = {
			isa = PBXFrameworksBuildPhase;
			buildActionMask = 2147483647;
			files = (
				FB583FFC9292F33B686ECD97 /* libPods-mobilefast-mobilefastTests.a in Frameworks */,
			);
			runOnlyForDeploymentPostprocessing = 0;
		};
		0494DE312BB379C8006EA87D /* Frameworks */ = {
			isa = PBXFrameworksBuildPhase;
			buildActionMask = 2147483647;
			files = (
				971A91B22CFB8995C840895A /* libPods-OneSignalNotificationServiceExtension.a in Frameworks */,
			);
			runOnlyForDeploymentPostprocessing = 0;
		};
		13B07F8C1A680F5B00A75B9A /* Frameworks */ = {
			isa = PBXFrameworksBuildPhase;
			buildActionMask = 2147483647;
			files = (
				0459C2982BAB5D1200868734 /* StoreKit.framework in Frameworks */,
				474A14C5671F7F47708F5E77 /* libPods-mobilefast.a in Frameworks */,
			);
			runOnlyForDeploymentPostprocessing = 0;
		};
/* End PBXFrameworksBuildPhase section */

/* Begin PBXGroup section */
		00E356EF1AD99517003FC87E /* mobilefastTests */ = {
			isa = PBXGroup;
			children = (
				00E356F21AD99517003FC87E /* mobilefastTests.m */,
				00E356F01AD99517003FC87E /* Supporting Files */,
			);
			path = mobilefastTests;
			sourceTree = "<group>";
		};
		00E356F01AD99517003FC87E /* Supporting Files */ = {
			isa = PBXGroup;
			children = (
				00E356F11AD99517003FC87E /* Info.plist */,
			);
			name = "Supporting Files";
			sourceTree = "<group>";
		};
		04509B382BA61E850012DCBB /* Fonts */ = {
			isa = PBXGroup;
			children = (
				04509B392BA61E850012DCBB /* Fontisto.ttf */,
				04509B3A2BA61E850012DCBB /* Octicons.ttf */,
				04509B3B2BA61E850012DCBB /* Feather.ttf */,
				04509B3C2BA61E850012DCBB /* FontAwesome6_Regular.ttf */,
				04509B3D2BA61E850012DCBB /* Entypo.ttf */,
				04509B3E2BA61E850012DCBB /* FontAwesome5_Brands.ttf */,
				04509B3F2BA61E850012DCBB /* MaterialCommunityIcons.ttf */,
				04509B402BA61E850012DCBB /* AntDesign.ttf */,
				04509B412BA61E850012DCBB /* Foundation.ttf */,
				04509B422BA61E850012DCBB /* Ionicons.ttf */,
				04509B432BA61E850012DCBB /* FontAwesome5_Solid.ttf */,
				04509B442BA61E850012DCBB /* FontAwesome5_Regular.ttf */,
				04509B452BA61E850012DCBB /* FontAwesome.ttf */,
				04509B462BA61E850012DCBB /* Zocial.ttf */,
				04509B472BA61E850012DCBB /* EvilIcons.ttf */,
				04509B482BA61E850012DCBB /* FontAwesome6_Solid.ttf */,
				04509B492BA61E850012DCBB /* SimpleLineIcons.ttf */,
				04509B4A2BA61E850012DCBB /* FontAwesome6_Brands.ttf */,
				04509B4B2BA61E850012DCBB /* MaterialIcons.ttf */,
			);
			name = Fonts;
			path = "../node_modules/react-native-vector-icons/Fonts";
			sourceTree = "<group>";
		};
		0494DE352BB379C8006EA87D /* OneSignalNotificationServiceExtension */ = {
			isa = PBXGroup;
			children = (
				0494DE402BB37A29006EA87D /* OneSignalNotificationServiceExtension.entitlements */,
				0494DE362BB379C8006EA87D /* NotificationService.swift */,
				0494DE382BB379C8006EA87D /* Info.plist */,
			);
			path = OneSignalNotificationServiceExtension;
			sourceTree = "<group>";
		};
		13B07FAE1A68108700A75B9A /* mobilefast */ = {
			isa = PBXGroup;
			children = (
				0494DE412BB37A36006EA87D /* mobilefast.entitlements */,
				13B07FAF1A68108700A75B9A /* AppDelegate.h */,
				13B07FB01A68108700A75B9A /* AppDelegate.mm */,
				13B07FB51A68108700A75B9A /* Images.xcassets */,
				13B07FB61A68108700A75B9A /* Info.plist */,
				81AB9BB72411601600AC10FF /* LaunchScreen.storyboard */,
				13B07FB71A68108700A75B9A /* main.m */,
				0494DE2C2BB0B878006EA87D /* Configuration.storekit */,
				0494DE2E2BB0B96B006EA87D /* StoreKitTestCertificate.cer */,
			);
			name = mobilefast;
			sourceTree = "<group>";
		};
		1F34BB7760324333A45C0CEF /* Resources */ = {
			isa = PBXGroup;
			children = (
				73EF8E0512C6471C828F1AAE /* BricolageGrotesque-Bold.ttf */,
				4D5002BA2D6641A98C9B0A5C /* BricolageGrotesque-ExtraBold.ttf */,
				00CF37E5593B4E5FBF35C44D /* BricolageGrotesque-ExtraLight.ttf */,
				C41C77AB2FA546898ADE14DF /* BricolageGrotesque-Light.ttf */,
				C51AF00E4EB0459F8758C99B /* BricolageGrotesque-Medium.ttf */,
				AAFED1A73DF84DCEB2D10B80 /* BricolageGrotesque-Regular.ttf */,
				377B1EF0E48F47D1A1045C53 /* BricolageGrotesque-SemiBold.ttf */,
				4BF833D655384593AB667902 /* SpaceGrotesk-Bold.ttf */,
				F47870B821B74B4AA3AC7F97 /* SpaceGrotesk-Light.ttf */,
				BCC61DBB27DE4634B5172427 /* SpaceGrotesk-Medium.ttf */,
				C0D89F9F6A794BD3BD78A7EA /* SpaceGrotesk-Regular.ttf */,
				6D28B06E3043499BAF9F8DFB /* SpaceGrotesk-SemiBold.ttf */,
			);
			name = Resources;
			sourceTree = "<group>";
		};
		2D16E6871FA4F8E400B85C8A /* Frameworks */ = {
			isa = PBXGroup;
			children = (
				0459C2972BAB5D1200868734 /* StoreKit.framework */,
				ED297162215061F000B7C4FE /* JavaScriptCore.framework */,
				CE5924BEBF5D5750CF508A25 /* libPods-OneSignalNotificationServiceExtension.a */,
				947E79E5561E9437DDD915A0 /* libPods-mobilefast.a */,
				F042E6B78DD273FC1300B03E /* libPods-mobilefast-mobilefastTests.a */,
			);
			name = Frameworks;
			sourceTree = "<group>";
		};
		832341AE1AAA6A7D00B99B32 /* Libraries */ = {
			isa = PBXGroup;
			children = (
			);
			name = Libraries;
			sourceTree = "<group>";
		};
		83CBB9F61A601CBA00E9B192 = {
			isa = PBXGroup;
			children = (
				04509B382BA61E850012DCBB /* Fonts */,
				13B07FAE1A68108700A75B9A /* mobilefast */,
				832341AE1AAA6A7D00B99B32 /* Libraries */,
				00E356EF1AD99517003FC87E /* mobilefastTests */,
				0494DE352BB379C8006EA87D /* OneSignalNotificationServiceExtension */,
				83CBBA001A601CBA00E9B192 /* Products */,
				2D16E6871FA4F8E400B85C8A /* Frameworks */,
				BBD78D7AC51CEA395F1C20DB /* Pods */,
				1F34BB7760324333A45C0CEF /* Resources */,
			);
			indentWidth = 2;
			sourceTree = "<group>";
			tabWidth = 2;
			usesTabs = 0;
		};
		83CBBA001A601CBA00E9B192 /* Products */ = {
			isa = PBXGroup;
			children = (
				13B07F961A680F5B00A75B9A /* mobilefast.app */,
				00E356EE1AD99517003FC87E /* mobilefastTests.xctest */,
				0494DE342BB379C8006EA87D /* OneSignalNotificationServiceExtension.appex */,
			);
			name = Products;
			sourceTree = "<group>";
		};
		BBD78D7AC51CEA395F1C20DB /* Pods */ = {
			isa = PBXGroup;
			children = (
				AFABA267C4EA46946BC1674F /* Pods-OneSignalNotificationServiceExtension.debug.xcconfig */,
				6D3D5633A9CD2FC4A9DB88D6 /* Pods-OneSignalNotificationServiceExtension.release.xcconfig */,
				0C1DFE77614CA3D42B312A7C /* Pods-mobilefast.debug.xcconfig */,
				BCD47DD462370B2E7EB4B50F /* Pods-mobilefast.release.xcconfig */,
				AE517E34EBC0DEAD35EE395E /* Pods-mobilefast-mobilefastTests.debug.xcconfig */,
				915A50084024664FDDD3C6B8 /* Pods-mobilefast-mobilefastTests.release.xcconfig */,
			);
			path = Pods;
			sourceTree = "<group>";
		};
/* End PBXGroup section */

/* Begin PBXNativeTarget section */
		00E356ED1AD99517003FC87E /* mobilefastTests */ = {
			isa = PBXNativeTarget;
			buildConfigurationList = 00E357021AD99517003FC87E /* Build configuration list for PBXNativeTarget "mobilefastTests" */;
			buildPhases = (
				653C6FDF97AD35A831FC567D /* [CP] Check Pods Manifest.lock */,
				00E356EA1AD99517003FC87E /* Sources */,
				00E356EB1AD99517003FC87E /* Frameworks */,
				00E356EC1AD99517003FC87E /* Resources */,
				34D0C588EECE70735FF20E1F /* [CP] Embed Pods Frameworks */,
				628C00ABF7AC1E1AC03236D3 /* [CP] Copy Pods Resources */,
			);
			buildRules = (
			);
			dependencies = (
				00E356F51AD99517003FC87E /* PBXTargetDependency */,
			);
			name = mobilefastTests;
			productName = mobilefastTests;
			productReference = 00E356EE1AD99517003FC87E /* mobilefastTests.xctest */;
			productType = "com.apple.product-type.bundle.unit-test";
		};
		0494DE332BB379C8006EA87D /* OneSignalNotificationServiceExtension */ = {
			isa = PBXNativeTarget;
			buildConfigurationList = 0494DE3C2BB379C8006EA87D /* Build configuration list for PBXNativeTarget "OneSignalNotificationServiceExtension" */;
			buildPhases = (
				47DD0B52EE255921063849F5 /* [CP] Check Pods Manifest.lock */,
				0494DE302BB379C8006EA87D /* Sources */,
				0494DE312BB379C8006EA87D /* Frameworks */,
				0494DE322BB379C8006EA87D /* Resources */,
			);
			buildRules = (
			);
			dependencies = (
			);
			name = OneSignalNotificationServiceExtension;
			productName = OneSignalNotificationServiceExtension;
			productReference = 0494DE342BB379C8006EA87D /* OneSignalNotificationServiceExtension.appex */;
			productType = "com.apple.product-type.app-extension";
		};
		13B07F861A680F5B00A75B9A /* mobilefast */ = {
			isa = PBXNativeTarget;
			buildConfigurationList = 13B07F931A680F5B00A75B9A /* Build configuration list for PBXNativeTarget "mobilefast" */;
			buildPhases = (
				24ED3C3A61C6CCAAC42EAE88 /* [CP] Check Pods Manifest.lock */,
				13B07F871A680F5B00A75B9A /* Sources */,
				13B07F8C1A680F5B00A75B9A /* Frameworks */,
				13B07F8E1A680F5B00A75B9A /* Resources */,
				00DD1BFF1BD5951E006B06BC /* Bundle React Native code and images */,
				0494DE3F2BB379C8006EA87D /* Embed Foundation Extensions */,
				808A9635D62A4D05506433A7 /* [CP] Embed Pods Frameworks */,
				B684B51780543720E20E26CF /* [CP] Copy Pods Resources */,
			);
			buildRules = (
			);
			dependencies = (
				0494DE3A2BB379C8006EA87D /* PBXTargetDependency */,
			);
			name = mobilefast;
			productName = mobilefast;
			productReference = 13B07F961A680F5B00A75B9A /* mobilefast.app */;
			productType = "com.apple.product-type.application";
		};
/* End PBXNativeTarget section */

/* Begin PBXProject section */
		83CBB9F71A601CBA00E9B192 /* Project object */ = {
			isa = PBXProject;
			attributes = {
				BuildIndependentTargetsInParallel = YES;
				LastSwiftUpdateCheck = 1500;
				LastUpgradeCheck = 1500;
				TargetAttributes = {
					00E356ED1AD99517003FC87E = {
						CreatedOnToolsVersion = 6.2;
						TestTargetID = 13B07F861A680F5B00A75B9A;
					};
					0494DE332BB379C8006EA87D = {
						CreatedOnToolsVersion = 15.0.1;
					};
					13B07F861A680F5B00A75B9A = {
						LastSwiftMigration = 1120;
					};
				};
			};
			buildConfigurationList = 83CBB9FA1A601CBA00E9B192 /* Build configuration list for PBXProject "MobileFast" */;
			compatibilityVersion = "Xcode 12.0";
			developmentRegion = en;
			hasScannedForEncodings = 0;
			knownRegions = (
				en,
				Base,
			);
			mainGroup = 83CBB9F61A601CBA00E9B192;
			productRefGroup = 83CBBA001A601CBA00E9B192 /* Products */;
			projectDirPath = "";
			projectRoot = "";
			targets = (
				13B07F861A680F5B00A75B9A /* mobilefast */,
				00E356ED1AD99517003FC87E /* mobilefastTests */,
				0494DE332BB379C8006EA87D /* OneSignalNotificationServiceExtension */,
			);
		};
/* End PBXProject section */

/* Begin PBXResourcesBuildPhase section */
		00E356EC1AD99517003FC87E /* Resources */ = {
			isa = PBXResourcesBuildPhase;
			buildActionMask = 2147483647;
			files = (
			);
			runOnlyForDeploymentPostprocessing = 0;
		};
		0494DE322BB379C8006EA87D /* Resources */ = {
			isa = PBXResourcesBuildPhase;
			buildActionMask = 2147483647;
			files = (
			);
			runOnlyForDeploymentPostprocessing = 0;
		};
		13B07F8E1A680F5B00A75B9A /* Resources */ = {
			isa = PBXResourcesBuildPhase;
			buildActionMask = 2147483647;
			files = (
				81AB9BB82411601600AC10FF /* LaunchScreen.storyboard in Resources */,
				04509B5E2BA61E850012DCBB /* MaterialIcons.ttf in Resources */,
				04509B522BA61E850012DCBB /* MaterialCommunityIcons.ttf in Resources */,
				13B07FBF1A68108700A75B9A /* Images.xcassets in Resources */,
				8E48CC49B8994D8CA101FA5E /* BricolageGrotesque-Bold.ttf in Resources */,
				04509B562BA61E850012DCBB /* FontAwesome5_Solid.ttf in Resources */,
				04509B4C2BA61E850012DCBB /* Fontisto.ttf in Resources */,
				D57604966EBD484F85E48EAD /* BricolageGrotesque-ExtraBold.ttf in Resources */,
				04509B4D2BA61E850012DCBB /* Octicons.ttf in Resources */,
				04509B592BA61E850012DCBB /* Zocial.ttf in Resources */,
				C08F01957BE94E37B7E6CCE8 /* BricolageGrotesque-ExtraLight.ttf in Resources */,
				04509B5D2BA61E850012DCBB /* FontAwesome6_Brands.ttf in Resources */,
				04509B542BA61E850012DCBB /* Foundation.ttf in Resources */,
				04509B532BA61E850012DCBB /* AntDesign.ttf in Resources */,
				04509B5B2BA61E850012DCBB /* FontAwesome6_Solid.ttf in Resources */,
				0494DE2F2BB0B96B006EA87D /* StoreKitTestCertificate.cer in Resources */,
				04509B4F2BA61E850012DCBB /* FontAwesome6_Regular.ttf in Resources */,
				04509B512BA61E850012DCBB /* FontAwesome5_Brands.ttf in Resources */,
				B47B8210D33B4408BF31ADD5 /* BricolageGrotesque-Light.ttf in Resources */,
				112B286EFA834C12A44A4ECB /* BricolageGrotesque-Medium.ttf in Resources */,
				04509B5C2BA61E850012DCBB /* SimpleLineIcons.ttf in Resources */,
				EA8343CB772F4D1B8C1F9E85 /* BricolageGrotesque-Regular.ttf in Resources */,
				774C7E82D4AB40AC84845525 /* BricolageGrotesque-SemiBold.ttf in Resources */,
				8B98AD37DF634096A503A0FF /* SpaceGrotesk-Bold.ttf in Resources */,
				04509B502BA61E850012DCBB /* Entypo.ttf in Resources */,
				04509B4E2BA61E850012DCBB /* Feather.ttf in Resources */,
				04509B552BA61E850012DCBB /* Ionicons.ttf in Resources */,
				04509B5A2BA61E850012DCBB /* EvilIcons.ttf in Resources */,
				66BE16A969AB4A9587462F3C /* SpaceGrotesk-Light.ttf in Resources */,
				C46D4A0C9C2F4C3F968D8200 /* SpaceGrotesk-Medium.ttf in Resources */,
				04509B582BA61E850012DCBB /* FontAwesome.ttf in Resources */,
				44A2BC1ABEBB47FD87EDA067 /* SpaceGrotesk-Regular.ttf in Resources */,
				0494DE2D2BB0B878006EA87D /* Configuration.storekit in Resources */,
				04509B572BA61E850012DCBB /* FontAwesome5_Regular.ttf in Resources */,
				C40AE97CD243401B8972410E /* SpaceGrotesk-SemiBold.ttf in Resources */,
			);
			runOnlyForDeploymentPostprocessing = 0;
		};
/* End PBXResourcesBuildPhase section */

/* Begin PBXShellScriptBuildPhase section */
		00DD1BFF1BD5951E006B06BC /* Bundle React Native code and images */ = {
			isa = PBXShellScriptBuildPhase;
			buildActionMask = 2147483647;
			files = (
			);
			inputPaths = (
				"$(SRCROOT)/.xcode.env.local",
				"$(SRCROOT)/.xcode.env",
			);
			name = "Bundle React Native code and images";
			outputPaths = (
			);
			runOnlyForDeploymentPostprocessing = 0;
			shellPath = /bin/sh;
			shellScript = "set -e\n\nWITH_ENVIRONMENT=\"../node_modules/react-native/scripts/xcode/with-environment.sh\"\nREACT_NATIVE_XCODE=\"../node_modules/react-native/scripts/react-native-xcode.sh\"\n\n/bin/sh -c \"$WITH_ENVIRONMENT $REACT_NATIVE_XCODE\"\n";
		};
		24ED3C3A61C6CCAAC42EAE88 /* [CP] Check Pods Manifest.lock */ = {
			isa = PBXShellScriptBuildPhase;
			buildActionMask = 2147483647;
			files = (
			);
			inputFileListPaths = (
			);
			inputPaths = (
				"${PODS_PODFILE_DIR_PATH}/Podfile.lock",
				"${PODS_ROOT}/Manifest.lock",
			);
			name = "[CP] Check Pods Manifest.lock";
			outputFileListPaths = (
			);
			outputPaths = (
				"$(DERIVED_FILE_DIR)/Pods-mobilefast-checkManifestLockResult.txt",
			);
			runOnlyForDeploymentPostprocessing = 0;
			shellPath = /bin/sh;
			shellScript = "diff \"${PODS_PODFILE_DIR_PATH}/Podfile.lock\" \"${PODS_ROOT}/Manifest.lock\" > /dev/null\nif [ $? != 0 ] ; then\n    # print error to STDERR\n    echo \"error: The sandbox is not in sync with the Podfile.lock. Run 'pod install' or update your CocoaPods installation.\" >&2\n    exit 1\nfi\n# This output is used by Xcode 'outputs' to avoid re-running this script phase.\necho \"SUCCESS\" > \"${SCRIPT_OUTPUT_FILE_0}\"\n";
			showEnvVarsInLog = 0;
		};
		34D0C588EECE70735FF20E1F /* [CP] Embed Pods Frameworks */ = {
			isa = PBXShellScriptBuildPhase;
			buildActionMask = 2147483647;
			files = (
			);
			inputFileListPaths = (
				"${PODS_ROOT}/Target Support Files/Pods-mobilefast-mobilefastTests/Pods-mobilefast-mobilefastTests-frameworks-${CONFIGURATION}-input-files.xcfilelist",
			);
			name = "[CP] Embed Pods Frameworks";
			outputFileListPaths = (
				"${PODS_ROOT}/Target Support Files/Pods-mobilefast-mobilefastTests/Pods-mobilefast-mobilefastTests-frameworks-${CONFIGURATION}-output-files.xcfilelist",
			);
			runOnlyForDeploymentPostprocessing = 0;
			shellPath = /bin/sh;
			shellScript = "\"${PODS_ROOT}/Target Support Files/Pods-mobilefast-mobilefastTests/Pods-mobilefast-mobilefastTests-frameworks.sh\"\n";
			showEnvVarsInLog = 0;
		};
		47DD0B52EE255921063849F5 /* [CP] Check Pods Manifest.lock */ = {
			isa = PBXShellScriptBuildPhase;
			buildActionMask = 2147483647;
			files = (
			);
			inputFileListPaths = (
			);
			inputPaths = (
				"${PODS_PODFILE_DIR_PATH}/Podfile.lock",
				"${PODS_ROOT}/Manifest.lock",
			);
			name = "[CP] Check Pods Manifest.lock";
			outputFileListPaths = (
			);
			outputPaths = (
				"$(DERIVED_FILE_DIR)/Pods-OneSignalNotificationServiceExtension-checkManifestLockResult.txt",
			);
			runOnlyForDeploymentPostprocessing = 0;
			shellPath = /bin/sh;
			shellScript = "diff \"${PODS_PODFILE_DIR_PATH}/Podfile.lock\" \"${PODS_ROOT}/Manifest.lock\" > /dev/null\nif [ $? != 0 ] ; then\n    # print error to STDERR\n    echo \"error: The sandbox is not in sync with the Podfile.lock. Run 'pod install' or update your CocoaPods installation.\" >&2\n    exit 1\nfi\n# This output is used by Xcode 'outputs' to avoid re-running this script phase.\necho \"SUCCESS\" > \"${SCRIPT_OUTPUT_FILE_0}\"\n";
			showEnvVarsInLog = 0;
		};
		628C00ABF7AC1E1AC03236D3 /* [CP] Copy Pods Resources */ = {
			isa = PBXShellScriptBuildPhase;
			buildActionMask = 2147483647;
			files = (
			);
			inputFileListPaths = (
				"${PODS_ROOT}/Target Support Files/Pods-mobilefast-mobilefastTests/Pods-mobilefast-mobilefastTests-resources-${CONFIGURATION}-input-files.xcfilelist",
			);
			name = "[CP] Copy Pods Resources";
			outputFileListPaths = (
				"${PODS_ROOT}/Target Support Files/Pods-mobilefast-mobilefastTests/Pods-mobilefast-mobilefastTests-resources-${CONFIGURATION}-output-files.xcfilelist",
			);
			runOnlyForDeploymentPostprocessing = 0;
			shellPath = /bin/sh;
			shellScript = "\"${PODS_ROOT}/Target Support Files/Pods-mobilefast-mobilefastTests/Pods-mobilefast-mobilefastTests-resources.sh\"\n";
			showEnvVarsInLog = 0;
		};
		653C6FDF97AD35A831FC567D /* [CP] Check Pods Manifest.lock */ = {
			isa = PBXShellScriptBuildPhase;
			buildActionMask = 2147483647;
			files = (
			);
			inputFileListPaths = (
			);
			inputPaths = (
				"${PODS_PODFILE_DIR_PATH}/Podfile.lock",
				"${PODS_ROOT}/Manifest.lock",
			);
			name = "[CP] Check Pods Manifest.lock";
			outputFileListPaths = (
			);
			outputPaths = (
				"$(DERIVED_FILE_DIR)/Pods-mobilefast-mobilefastTests-checkManifestLockResult.txt",
			);
			runOnlyForDeploymentPostprocessing = 0;
			shellPath = /bin/sh;
			shellScript = "diff \"${PODS_PODFILE_DIR_PATH}/Podfile.lock\" \"${PODS_ROOT}/Manifest.lock\" > /dev/null\nif [ $? != 0 ] ; then\n    # print error to STDERR\n    echo \"error: The sandbox is not in sync with the Podfile.lock. Run 'pod install' or update your CocoaPods installation.\" >&2\n    exit 1\nfi\n# This output is used by Xcode 'outputs' to avoid re-running this script phase.\necho \"SUCCESS\" > \"${SCRIPT_OUTPUT_FILE_0}\"\n";
			showEnvVarsInLog = 0;
		};
		808A9635D62A4D05506433A7 /* [CP] Embed Pods Frameworks */ = {
			isa = PBXShellScriptBuildPhase;
			buildActionMask = 2147483647;
			files = (
			);
			inputFileListPaths = (
				"${PODS_ROOT}/Target Support Files/Pods-mobilefast/Pods-mobilefast-frameworks-${CONFIGURATION}-input-files.xcfilelist",
			);
			name = "[CP] Embed Pods Frameworks";
			outputFileListPaths = (
				"${PODS_ROOT}/Target Support Files/Pods-mobilefast/Pods-mobilefast-frameworks-${CONFIGURATION}-output-files.xcfilelist",
			);
			runOnlyForDeploymentPostprocessing = 0;
			shellPath = /bin/sh;
			shellScript = "\"${PODS_ROOT}/Target Support Files/Pods-mobilefast/Pods-mobilefast-frameworks.sh\"\n";
			showEnvVarsInLog = 0;
		};
		B684B51780543720E20E26CF /* [CP] Copy Pods Resources */ = {
			isa = PBXShellScriptBuildPhase;
			buildActionMask = 2147483647;
			files = (
			);
			inputFileListPaths = (
				"${PODS_ROOT}/Target Support Files/Pods-mobilefast/Pods-mobilefast-resources-${CONFIGURATION}-input-files.xcfilelist",
			);
			name = "[CP] Copy Pods Resources";
			outputFileListPaths = (
				"${PODS_ROOT}/Target Support Files/Pods-mobilefast/Pods-mobilefast-resources-${CONFIGURATION}-output-files.xcfilelist",
			);
			runOnlyForDeploymentPostprocessing = 0;
			shellPath = /bin/sh;
			shellScript = "\"${PODS_ROOT}/Target Support Files/Pods-mobilefast/Pods-mobilefast-resources.sh\"\n";
			showEnvVarsInLog = 0;
		};
/* End PBXShellScriptBuildPhase section */

/* Begin PBXSourcesBuildPhase section */
		00E356EA1AD99517003FC87E /* Sources */ = {
			isa = PBXSourcesBuildPhase;
			buildActionMask = 2147483647;
			files = (
				00E356F31AD99517003FC87E /* mobilefastTests.m in Sources */,
			);
			runOnlyForDeploymentPostprocessing = 0;
		};
		0494DE302BB379C8006EA87D /* Sources */ = {
			isa = PBXSourcesBuildPhase;
			buildActionMask = 2147483647;
			files = (
				0494DE372BB379C8006EA87D /* NotificationService.swift in Sources */,
			);
			runOnlyForDeploymentPostprocessing = 0;
		};
		13B07F871A680F5B00A75B9A /* Sources */ = {
			isa = PBXSourcesBuildPhase;
			buildActionMask = 2147483647;
			files = (
				13B07FBC1A68108700A75B9A /* AppDelegate.mm in Sources */,
				13B07FC11A68108700A75B9A /* main.m in Sources */,
			);
			runOnlyForDeploymentPostprocessing = 0;
		};
/* End PBXSourcesBuildPhase section */

/* Begin PBXTargetDependency section */
		00E356F51AD99517003FC87E /* PBXTargetDependency */ = {
			isa = PBXTargetDependency;
			target = 13B07F861A680F5B00A75B9A /* mobilefast */;
			targetProxy = 00E356F41AD99517003FC87E /* PBXContainerItemProxy */;
		};
		0494DE3A2BB379C8006EA87D /* PBXTargetDependency */ = {
			isa = PBXTargetDependency;
			target = 0494DE332BB379C8006EA87D /* OneSignalNotificationServiceExtension */;
			targetProxy = 0494DE392BB379C8006EA87D /* PBXContainerItemProxy */;
		};
/* End PBXTargetDependency section */

/* Begin XCBuildConfiguration section */
		00E356F61AD99517003FC87E /* Debug */ = {
			isa = XCBuildConfiguration;
			baseConfigurationReference = AE517E34EBC0DEAD35EE395E /* Pods-mobilefast-mobilefastTests.debug.xcconfig */;
			buildSettings = {
				ALWAYS_EMBED_SWIFT_STANDARD_LIBRARIES = YES;
				BUNDLE_LOADER = "$(TEST_HOST)";
				GCC_PREPROCESSOR_DEFINITIONS = (
					"DEBUG=1",
					"$(inherited)",
				);
				INFOPLIST_FILE = mobilefastTests/Info.plist;
				IPHONEOS_DEPLOYMENT_TARGET = 13.4;
				LD_RUNPATH_SEARCH_PATHS = (
					"$(inherited)",
					"@executable_path/Frameworks",
					"@loader_path/Frameworks",
				);
				OTHER_LDFLAGS = (
					"-ObjC",
					"-lc++",
					"$(inherited)",
				);
				PRODUCT_BUNDLE_IDENTIFIER = com.lahkimomar.mobilefast;
				PRODUCT_NAME = "$(TARGET_NAME)";
				TEST_HOST = "$(BUILT_PRODUCTS_DIR)/mobilefast.app/mobilefast";
			};
			name = Debug;
		};
		00E356F71AD99517003FC87E /* Release */ = {
			isa = XCBuildConfiguration;
			baseConfigurationReference = 915A50084024664FDDD3C6B8 /* Pods-mobilefast-mobilefastTests.release.xcconfig */;
			buildSettings = {
				ALWAYS_EMBED_SWIFT_STANDARD_LIBRARIES = YES;
				BUNDLE_LOADER = "$(TEST_HOST)";
				COPY_PHASE_STRIP = NO;
				INFOPLIST_FILE = mobilefastTests/Info.plist;
				IPHONEOS_DEPLOYMENT_TARGET = 13.4;
				LD_RUNPATH_SEARCH_PATHS = (
					"$(inherited)",
					"@executable_path/Frameworks",
					"@loader_path/Frameworks",
				);
				OTHER_LDFLAGS = (
					"-ObjC",
					"-lc++",
					"$(inherited)",
				);
				PRODUCT_BUNDLE_IDENTIFIER = com.lahkimomar.mobilefast;
				PRODUCT_NAME = "$(TARGET_NAME)";
				TEST_HOST = "$(BUILT_PRODUCTS_DIR)/mobilefast.app/mobilefast";
			};
			name = Release;
		};
		0494DE3D2BB379C8006EA87D /* Debug */ = {
			isa = XCBuildConfiguration;
			baseConfigurationReference = AFABA267C4EA46946BC1674F /* Pods-OneSignalNotificationServiceExtension.debug.xcconfig */;
			buildSettings = {
				ASSETCATALOG_COMPILER_GENERATE_SWIFT_ASSET_SYMBOL_EXTENSIONS = YES;
				CLANG_ANALYZER_NONNULL = YES;
				CLANG_ANALYZER_NUMBER_OBJECT_CONVERSION = YES_AGGRESSIVE;
				CLANG_CXX_LANGUAGE_STANDARD = "gnu++20";
				CLANG_ENABLE_OBJC_WEAK = YES;
				CLANG_WARN_DOCUMENTATION_COMMENTS = YES;
				CLANG_WARN_UNGUARDED_AVAILABILITY = YES_AGGRESSIVE;
				CODE_SIGN_ENTITLEMENTS = OneSignalNotificationServiceExtension/OneSignalNotificationServiceExtension.entitlements;
				CODE_SIGN_STYLE = Automatic;
				CURRENT_PROJECT_VERSION = 1;
				DEBUG_INFORMATION_FORMAT = dwarf;
				DEVELOPMENT_TEAM = 8D49CNS5D8;
				ENABLE_USER_SCRIPT_SANDBOXING = YES;
				GCC_C_LANGUAGE_STANDARD = gnu17;
				GENERATE_INFOPLIST_FILE = YES;
				INFOPLIST_FILE = OneSignalNotificationServiceExtension/Info.plist;
				INFOPLIST_KEY_CFBundleDisplayName = OneSignalNotificationServiceExtension;
				INFOPLIST_KEY_NSHumanReadableCopyright = "";
				IPHONEOS_DEPLOYMENT_TARGET = 13.4;
				LD_RUNPATH_SEARCH_PATHS = (
					"$(inherited)",
					"@executable_path/Frameworks",
					"@executable_path/../../Frameworks",
				);
				LOCALIZATION_PREFERS_STRING_CATALOGS = YES;
				MARKETING_VERSION = 1.0;
				MTL_ENABLE_DEBUG_INFO = INCLUDE_SOURCE;
				MTL_FAST_MATH = YES;
				PRODUCT_BUNDLE_IDENTIFIER = com.lahkimomar.mobilefast.OneSignalNotificationServiceExtension;
				PRODUCT_NAME = "$(TARGET_NAME)";
				SKIP_INSTALL = YES;
				SWIFT_ACTIVE_COMPILATION_CONDITIONS = "DEBUG $(inherited)";
				SWIFT_EMIT_LOC_STRINGS = YES;
				SWIFT_OPTIMIZATION_LEVEL = "-Onone";
				SWIFT_VERSION = 5.0;
				TARGETED_DEVICE_FAMILY = "1,2";
			};
			name = Debug;
		};
		0494DE3E2BB379C8006EA87D /* Release */ = {
			isa = XCBuildConfiguration;
			baseConfigurationReference = 6D3D5633A9CD2FC4A9DB88D6 /* Pods-OneSignalNotificationServiceExtension.release.xcconfig */;
			buildSettings = {
				ASSETCATALOG_COMPILER_GENERATE_SWIFT_ASSET_SYMBOL_EXTENSIONS = YES;
				CLANG_ANALYZER_NONNULL = YES;
				CLANG_ANALYZER_NUMBER_OBJECT_CONVERSION = YES_AGGRESSIVE;
				CLANG_CXX_LANGUAGE_STANDARD = "gnu++20";
				CLANG_ENABLE_OBJC_WEAK = YES;
				CLANG_WARN_DOCUMENTATION_COMMENTS = YES;
				CLANG_WARN_UNGUARDED_AVAILABILITY = YES_AGGRESSIVE;
				CODE_SIGN_ENTITLEMENTS = OneSignalNotificationServiceExtension/OneSignalNotificationServiceExtension.entitlements;
				CODE_SIGN_STYLE = Automatic;
				COPY_PHASE_STRIP = NO;
				CURRENT_PROJECT_VERSION = 1;
				DEBUG_INFORMATION_FORMAT = "dwarf-with-dsym";
				DEVELOPMENT_TEAM = 8D49CNS5D8;
				ENABLE_USER_SCRIPT_SANDBOXING = YES;
				GCC_C_LANGUAGE_STANDARD = gnu17;
				GENERATE_INFOPLIST_FILE = YES;
				INFOPLIST_FILE = OneSignalNotificationServiceExtension/Info.plist;
				INFOPLIST_KEY_CFBundleDisplayName = OneSignalNotificationServiceExtension;
				INFOPLIST_KEY_NSHumanReadableCopyright = "";
				IPHONEOS_DEPLOYMENT_TARGET = 13.4;
				LD_RUNPATH_SEARCH_PATHS = (
					"$(inherited)",
					"@executable_path/Frameworks",
					"@executable_path/../../Frameworks",
				);
				LOCALIZATION_PREFERS_STRING_CATALOGS = YES;
				MARKETING_VERSION = 1.0;
				MTL_FAST_MATH = YES;
				PRODUCT_BUNDLE_IDENTIFIER = com.lahkimomar.mobilefast.OneSignalNotificationServiceExtension;
				PRODUCT_NAME = "$(TARGET_NAME)";
				SKIP_INSTALL = YES;
				SWIFT_COMPILATION_MODE = wholemodule;
				SWIFT_EMIT_LOC_STRINGS = YES;
				SWIFT_VERSION = 5.0;
				TARGETED_DEVICE_FAMILY = "1,2";
			};
			name = Release;
		};
		13B07F941A680F5B00A75B9A /* Debug */ = {
			isa = XCBuildConfiguration;
			baseConfigurationReference = 0C1DFE77614CA3D42B312A7C /* Pods-mobilefast.debug.xcconfig */;
			buildSettings = {
				ALWAYS_EMBED_SWIFT_STANDARD_LIBRARIES = YES;
				ASSETCATALOG_COMPILER_APPICON_NAME = AppIcon;
				CLANG_ENABLE_MODULES = YES;
				CODE_SIGN_ENTITLEMENTS = mobilefast/mobilefast.entitlements;
				CURRENT_PROJECT_VERSION = 1;
				DEVELOPMENT_TEAM = 8D49CNS5D8;
				ENABLE_BITCODE = NO;
				INFOPLIST_FILE = mobilefast/Info.plist;
				INFOPLIST_KEY_CFBundleDisplayName = mobilefast;
				LD_RUNPATH_SEARCH_PATHS = (
					"$(inherited)",
					"@executable_path/Frameworks",
				);
				MARKETING_VERSION = 1.0;
				OTHER_LDFLAGS = (
					"$(inherited)",
					"-ObjC",
					"-lc++",
				);
				PRODUCT_BUNDLE_IDENTIFIER = com.lahkimomar.mobilefast;
				PRODUCT_NAME = mobilefast;
				SWIFT_OPTIMIZATION_LEVEL = "-Onone";
				SWIFT_VERSION = 5.0;
				VERSIONING_SYSTEM = "apple-generic";
			};
			name = Debug;
		};
		13B07F951A680F5B00A75B9A /* Release */ = {
			isa = XCBuildConfiguration;
			baseConfigurationReference = BCD47DD462370B2E7EB4B50F /* Pods-mobilefast.release.xcconfig */;
			buildSettings = {
				ALWAYS_EMBED_SWIFT_STANDARD_LIBRARIES = YES;
				ASSETCATALOG_COMPILER_APPICON_NAME = AppIcon;
				CLANG_ENABLE_MODULES = YES;
				CODE_SIGN_ENTITLEMENTS = mobilefast/mobilefast.entitlements;
				CURRENT_PROJECT_VERSION = 1;
				DEVELOPMENT_TEAM = 8D49CNS5D8;
				INFOPLIST_FILE = mobilefast/Info.plist;
				INFOPLIST_KEY_CFBundleDisplayName = mobilefast;
				LD_RUNPATH_SEARCH_PATHS = (
					"$(inherited)",
					"@executable_path/Frameworks",
				);
				MARKETING_VERSION = 1.0;
				OTHER_LDFLAGS = (
					"$(inherited)",
					"-ObjC",
					"-lc++",
				);
				PRODUCT_BUNDLE_IDENTIFIER = com.lahkimomar.mobilefast;
				PRODUCT_NAME = mobilefast;
				SWIFT_VERSION = 5.0;
				VERSIONING_SYSTEM = "apple-generic";
			};
			name = Release;
		};
		83CBBA201A601CBA00E9B192 /* Debug */ = {
			isa = XCBuildConfiguration;
			buildSettings = {
				ALWAYS_SEARCH_USER_PATHS = NO;
				CLANG_ANALYZER_LOCALIZABILITY_NONLOCALIZED = YES;
				CLANG_CXX_LANGUAGE_STANDARD = "c++20";
				CLANG_CXX_LIBRARY = "libc++";
				CLANG_ENABLE_MODULES = YES;
				CLANG_ENABLE_OBJC_ARC = YES;
				CLANG_WARN_BLOCK_CAPTURE_AUTORELEASING = YES;
				CLANG_WARN_BOOL_CONVERSION = YES;
				CLANG_WARN_COMMA = YES;
				CLANG_WARN_CONSTANT_CONVERSION = YES;
				CLANG_WARN_DEPRECATED_OBJC_IMPLEMENTATIONS = YES;
				CLANG_WARN_DIRECT_OBJC_ISA_USAGE = YES_ERROR;
				CLANG_WARN_EMPTY_BODY = YES;
				CLANG_WARN_ENUM_CONVERSION = YES;
				CLANG_WARN_INFINITE_RECURSION = YES;
				CLANG_WARN_INT_CONVERSION = YES;
				CLANG_WARN_NON_LITERAL_NULL_CONVERSION = YES;
				CLANG_WARN_OBJC_IMPLICIT_RETAIN_SELF = YES;
				CLANG_WARN_OBJC_LITERAL_CONVERSION = YES;
				CLANG_WARN_OBJC_ROOT_CLASS = YES_ERROR;
				CLANG_WARN_QUOTED_INCLUDE_IN_FRAMEWORK_HEADER = YES;
				CLANG_WARN_RANGE_LOOP_ANALYSIS = YES;
				CLANG_WARN_STRICT_PROTOTYPES = YES;
				CLANG_WARN_SUSPICIOUS_MOVE = YES;
				CLANG_WARN_UNREACHABLE_CODE = YES;
				CLANG_WARN__DUPLICATE_METHOD_MATCH = YES;
				"CODE_SIGN_IDENTITY[sdk=iphoneos*]" = "iPhone Developer";
				COPY_PHASE_STRIP = NO;
				ENABLE_STRICT_OBJC_MSGSEND = YES;
				ENABLE_TESTABILITY = YES;
				"EXCLUDED_ARCHS[sdk=iphonesimulator*]" = i386;
				GCC_C_LANGUAGE_STANDARD = gnu99;
				GCC_DYNAMIC_NO_PIC = NO;
				GCC_NO_COMMON_BLOCKS = YES;
				GCC_OPTIMIZATION_LEVEL = 0;
				GCC_PREPROCESSOR_DEFINITIONS = (
					"DEBUG=1",
					"$(inherited)",
				);
				GCC_SYMBOLS_PRIVATE_EXTERN = NO;
				GCC_WARN_64_TO_32_BIT_CONVERSION = YES;
				GCC_WARN_ABOUT_RETURN_TYPE = YES_ERROR;
				GCC_WARN_UNDECLARED_SELECTOR = YES;
				GCC_WARN_UNINITIALIZED_AUTOS = YES_AGGRESSIVE;
				GCC_WARN_UNUSED_FUNCTION = YES;
				GCC_WARN_UNUSED_VARIABLE = YES;
				IPHONEOS_DEPLOYMENT_TARGET = 13.4;
				LD_RUNPATH_SEARCH_PATHS = (
					/usr/lib/swift,
					"$(inherited)",
				);
				LIBRARY_SEARCH_PATHS = (
					"\"$(SDKROOT)/usr/lib/swift\"",
					"\"$(TOOLCHAIN_DIR)/usr/lib/swift/$(PLATFORM_NAME)\"",
					"\"$(inherited)\"",
				);
				MTL_ENABLE_DEBUG_INFO = YES;
				ONLY_ACTIVE_ARCH = YES;
				OTHER_CFLAGS = "$(inherited)";
				OTHER_CPLUSPLUSFLAGS = (
					"$(OTHER_CFLAGS)",
					"-DFOLLY_NO_CONFIG",
					"-DFOLLY_MOBILE=1",
					"-DFOLLY_USE_LIBCPP=1",
					"-DFOLLY_CFG_NO_COROUTINES=1",
				);
				OTHER_LDFLAGS = (
					"$(inherited)",
					"-Wl",
					"-ld_classic",
				);
				REACT_NATIVE_PATH = "${PODS_ROOT}/../../node_modules/react-native";
				SDKROOT = iphoneos;
				USE_HERMES = true;
			};
			name = Debug;
		};
		83CBBA211A601CBA00E9B192 /* Release */ = {
			isa = XCBuildConfiguration;
			buildSettings = {
				ALWAYS_SEARCH_USER_PATHS = NO;
				CLANG_ANALYZER_LOCALIZABILITY_NONLOCALIZED = YES;
				CLANG_CXX_LANGUAGE_STANDARD = "c++20";
				CLANG_CXX_LIBRARY = "libc++";
				CLANG_ENABLE_MODULES = YES;
				CLANG_ENABLE_OBJC_ARC = YES;
				CLANG_WARN_BLOCK_CAPTURE_AUTORELEASING = YES;
				CLANG_WARN_BOOL_CONVERSION = YES;
				CLANG_WARN_COMMA = YES;
				CLANG_WARN_CONSTANT_CONVERSION = YES;
				CLANG_WARN_DEPRECATED_OBJC_IMPLEMENTATIONS = YES;
				CLANG_WARN_DIRECT_OBJC_ISA_USAGE = YES_ERROR;
				CLANG_WARN_EMPTY_BODY = YES;
				CLANG_WARN_ENUM_CONVERSION = YES;
				CLANG_WARN_INFINITE_RECURSION = YES;
				CLANG_WARN_INT_CONVERSION = YES;
				CLANG_WARN_NON_LITERAL_NULL_CONVERSION = YES;
				CLANG_WARN_OBJC_IMPLICIT_RETAIN_SELF = YES;
				CLANG_WARN_OBJC_LITERAL_CONVERSION = YES;
				CLANG_WARN_OBJC_ROOT_CLASS = YES_ERROR;
				CLANG_WARN_QUOTED_INCLUDE_IN_FRAMEWORK_HEADER = YES;
				CLANG_WARN_RANGE_LOOP_ANALYSIS = YES;
				CLANG_WARN_STRICT_PROTOTYPES = YES;
				CLANG_WARN_SUSPICIOUS_MOVE = YES;
				CLANG_WARN_UNREACHABLE_CODE = YES;
				CLANG_WARN__DUPLICATE_METHOD_MATCH = YES;
				"CODE_SIGN_IDENTITY[sdk=iphoneos*]" = "iPhone Developer";
				COPY_PHASE_STRIP = YES;
				ENABLE_NS_ASSERTIONS = NO;
				ENABLE_STRICT_OBJC_MSGSEND = YES;
				"EXCLUDED_ARCHS[sdk=iphonesimulator*]" = i386;
				GCC_C_LANGUAGE_STANDARD = gnu99;
				GCC_NO_COMMON_BLOCKS = YES;
				GCC_WARN_64_TO_32_BIT_CONVERSION = YES;
				GCC_WARN_ABOUT_RETURN_TYPE = YES_ERROR;
				GCC_WARN_UNDECLARED_SELECTOR = YES;
				GCC_WARN_UNINITIALIZED_AUTOS = YES_AGGRESSIVE;
				GCC_WARN_UNUSED_FUNCTION = YES;
				GCC_WARN_UNUSED_VARIABLE = YES;
				IPHONEOS_DEPLOYMENT_TARGET = 13.4;
				LD_RUNPATH_SEARCH_PATHS = (
					/usr/lib/swift,
					"$(inherited)",
				);
				LIBRARY_SEARCH_PATHS = (
					"\"$(SDKROOT)/usr/lib/swift\"",
					"\"$(TOOLCHAIN_DIR)/usr/lib/swift/$(PLATFORM_NAME)\"",
					"\"$(inherited)\"",
				);
				MTL_ENABLE_DEBUG_INFO = NO;
				OTHER_CFLAGS = "$(inherited)";
				OTHER_CPLUSPLUSFLAGS = (
					"$(OTHER_CFLAGS)",
					"-DFOLLY_NO_CONFIG",
					"-DFOLLY_MOBILE=1",
					"-DFOLLY_USE_LIBCPP=1",
					"-DFOLLY_CFG_NO_COROUTINES=1",
				);
				OTHER_LDFLAGS = (
					"$(inherited)",
					"-Wl",
					"-ld_classic",
				);
				REACT_NATIVE_PATH = "${PODS_ROOT}/../../node_modules/react-native";
				SDKROOT = iphoneos;
				SWIFT_COMPILATION_MODE = wholemodule;
				USE_HERMES = true;
				VALIDATE_PRODUCT = YES;
			};
			name = Release;
		};
/* End XCBuildConfiguration section */

/* Begin XCConfigurationList section */
		00E357021AD99517003FC87E /* Build configuration list for PBXNativeTarget "mobilefastTests" */ = {
			isa = XCConfigurationList;
			buildConfigurations = (
				00E356F61AD99517003FC87E /* Debug */,
				00E356F71AD99517003FC87E /* Release */,
			);
			defaultConfigurationIsVisible = 0;
			defaultConfigurationName = Release;
		};
		0494DE3C2BB379C8006EA87D /* Build configuration list for PBXNativeTarget "OneSignalNotificationServiceExtension" */ = {
			isa = XCConfigurationList;
			buildConfigurations = (
				0494DE3D2BB379C8006EA87D /* Debug */,
				0494DE3E2BB379C8006EA87D /* Release */,
			);
			defaultConfigurationIsVisible = 0;
			defaultConfigurationName = Release;
		};
		13B07F931A680F5B00A75B9A /* Build configuration list for PBXNativeTarget "mobilefast" */ = {
			isa = XCConfigurationList;
			buildConfigurations = (
				13B07F941A680F5B00A75B9A /* Debug */,
				13B07F951A680F5B00A75B9A /* Release */,
			);
			defaultConfigurationIsVisible = 0;
			defaultConfigurationName = Release;
		};
		83CBB9FA1A601CBA00E9B192 /* Build configuration list for PBXProject "MobileFast" */ = {
			isa = XCConfigurationList;
			buildConfigurations = (
				83CBBA201A601CBA00E9B192 /* Debug */,
				83CBBA211A601CBA00E9B192 /* Release */,
			);
			defaultConfigurationIsVisible = 0;
			defaultConfigurationName = Release;
		};
/* End XCConfigurationList section */
	};
	rootObject = 83CBB9F71A601CBA00E9B192 /* Project object */;
}
